// !$*UTF8*$!
{
	archiveVersion = 1;
	classes = {
	};
	objectVersion = 56;
	objects = {

/* Begin PBXBuildFile section */
		CDC3E086299506D500D1FE30 /* AppDelegate.swift in Sources */ = {isa = PBXBuildFile; fileRef = CDC3E085299506D500D1FE30 /* AppDelegate.swift */; };
		CDC3E08A299506D500D1FE30 /* FilmsViewController.swift in Sources */ = {isa = PBXBuildFile; fileRef = CDC3E089299506D500D1FE30 /* FilmsViewController.swift */; };
		CDC3E090299506D500D1FE30 /* StarWars.xcdatamodeld in Sources */ = {isa = PBXBuildFile; fileRef = CDC3E08E299506D500D1FE30 /* StarWars.xcdatamodeld */; };
		CDC3E092299506D700D1FE30 /* Assets.xcassets in Resources */ = {isa = PBXBuildFile; fileRef = CDC3E091299506D700D1FE30 /* Assets.xcassets */; };
		CDC3E095299506D700D1FE30 /* LaunchScreen.storyboard in Resources */ = {isa = PBXBuildFile; fileRef = CDC3E093299506D700D1FE30 /* LaunchScreen.storyboard */; };
		CDC3E0A52995098100D1FE30 /* FilmsViewModel.swift in Sources */ = {isa = PBXBuildFile; fileRef = CDC3E0A42995098100D1FE30 /* FilmsViewModel.swift */; };
		CDC3E0A8299509AC00D1FE30 /* FilmsResponse.swift in Sources */ = {isa = PBXBuildFile; fileRef = CDC3E0A7299509AC00D1FE30 /* FilmsResponse.swift */; };
		CDC3E0B0299518F800D1FE30 /* FilmTableViewCell.swift in Sources */ = {isa = PBXBuildFile; fileRef = CDC3E0AE299518F800D1FE30 /* FilmTableViewCell.swift */; };
		CDC3E0B1299518F800D1FE30 /* FilmTableViewCell.xib in Resources */ = {isa = PBXBuildFile; fileRef = CDC3E0AF299518F800D1FE30 /* FilmTableViewCell.xib */; };
		CDC3E0B329951DDB00D1FE30 /* StarWarsService.swift in Sources */ = {isa = PBXBuildFile; fileRef = CDC3E0B229951DDB00D1FE30 /* StarWarsService.swift */; };
		CDC3E0C329958CB900D1FE30 /* Networking.swift in Sources */ = {isa = PBXBuildFile; fileRef = CDC3E0C229958CB900D1FE30 /* Networking.swift */; };
		CDC3E0CB299591A400D1FE30 /* FilmCellViewModel.swift in Sources */ = {isa = PBXBuildFile; fileRef = CDC3E0CA299591A400D1FE30 /* FilmCellViewModel.swift */; };
		CDC3E0CF29959E3200D1FE30 /* FilmsCoordinator.swift in Sources */ = {isa = PBXBuildFile; fileRef = CDC3E0CE29959E3200D1FE30 /* FilmsCoordinator.swift */; };
		CDC3E0D129959E3900D1FE30 /* Coordinator.swift in Sources */ = {isa = PBXBuildFile; fileRef = CDC3E0D029959E3900D1FE30 /* Coordinator.swift */; };
		CDC3E0D32996379300D1FE30 /* CharactersCoordinator.swift in Sources */ = {isa = PBXBuildFile; fileRef = CDC3E0D22996379300D1FE30 /* CharactersCoordinator.swift */; };
		CDC3E0D529963E8300D1FE30 /* FilmsViewController.xib in Resources */ = {isa = PBXBuildFile; fileRef = CDC3E0D429963E8300D1FE30 /* FilmsViewController.xib */; };
		CDC3E0DC29967DF300D1FE30 /* CharactersViewController.swift in Sources */ = {isa = PBXBuildFile; fileRef = CDC3E0DB29967DF300D1FE30 /* CharactersViewController.swift */; };
		CDC3E0E0299682FF00D1FE30 /* MainTabBarController.swift in Sources */ = {isa = PBXBuildFile; fileRef = CDC3E0DF299682FF00D1FE30 /* MainTabBarController.swift */; };
		CDC3E0E229968C3F00D1FE30 /* CharactersViewModel.swift in Sources */ = {isa = PBXBuildFile; fileRef = CDC3E0E129968C3F00D1FE30 /* CharactersViewModel.swift */; };
		D07CDBA300E72FF746E32F24 /* Pods_StarWars.framework in Frameworks */ = {isa = PBXBuildFile; fileRef = 794B271CD104FC720B761083 /* Pods_StarWars.framework */; };
/* End PBXBuildFile section */

/* Begin PBXFileReference section */
		794B271CD104FC720B761083 /* Pods_StarWars.framework */ = {isa = PBXFileReference; explicitFileType = wrapper.framework; includeInIndex = 0; path = Pods_StarWars.framework; sourceTree = BUILT_PRODUCTS_DIR; };
		7D91F5A93519E08C74B0E08A /* Pods-StarWars.release.xcconfig */ = {isa = PBXFileReference; includeInIndex = 1; lastKnownFileType = text.xcconfig; name = "Pods-StarWars.release.xcconfig"; path = "Target Support Files/Pods-StarWars/Pods-StarWars.release.xcconfig"; sourceTree = "<group>"; };
		CDC3E082299506D500D1FE30 /* StarWars.app */ = {isa = PBXFileReference; explicitFileType = wrapper.application; includeInIndex = 0; path = StarWars.app; sourceTree = BUILT_PRODUCTS_DIR; };
		CDC3E085299506D500D1FE30 /* AppDelegate.swift */ = {isa = PBXFileReference; lastKnownFileType = sourcecode.swift; path = AppDelegate.swift; sourceTree = "<group>"; };
		CDC3E089299506D500D1FE30 /* FilmsViewController.swift */ = {isa = PBXFileReference; lastKnownFileType = sourcecode.swift; path = FilmsViewController.swift; sourceTree = "<group>"; };
		CDC3E08F299506D500D1FE30 /* StarWars.xcdatamodel */ = {isa = PBXFileReference; lastKnownFileType = wrapper.xcdatamodel; path = StarWars.xcdatamodel; sourceTree = "<group>"; };
		CDC3E091299506D700D1FE30 /* Assets.xcassets */ = {isa = PBXFileReference; lastKnownFileType = folder.assetcatalog; path = Assets.xcassets; sourceTree = "<group>"; };
		CDC3E094299506D700D1FE30 /* Base */ = {isa = PBXFileReference; lastKnownFileType = file.storyboard; name = Base; path = Base.lproj/LaunchScreen.storyboard; sourceTree = "<group>"; };
		CDC3E096299506D700D1FE30 /* Info.plist */ = {isa = PBXFileReference; lastKnownFileType = text.plist.xml; path = Info.plist; sourceTree = "<group>"; };
		CDC3E0A42995098100D1FE30 /* FilmsViewModel.swift */ = {isa = PBXFileReference; lastKnownFileType = sourcecode.swift; path = FilmsViewModel.swift; sourceTree = "<group>"; };
		CDC3E0A7299509AC00D1FE30 /* FilmsResponse.swift */ = {isa = PBXFileReference; lastKnownFileType = sourcecode.swift; path = FilmsResponse.swift; sourceTree = "<group>"; };
		CDC3E0AE299518F800D1FE30 /* FilmTableViewCell.swift */ = {isa = PBXFileReference; lastKnownFileType = sourcecode.swift; path = FilmTableViewCell.swift; sourceTree = "<group>"; };
		CDC3E0AF299518F800D1FE30 /* FilmTableViewCell.xib */ = {isa = PBXFileReference; lastKnownFileType = file.xib; path = FilmTableViewCell.xib; sourceTree = "<group>"; };
		CDC3E0B229951DDB00D1FE30 /* StarWarsService.swift */ = {isa = PBXFileReference; lastKnownFileType = sourcecode.swift; path = StarWarsService.swift; sourceTree = "<group>"; };
		CDC3E0C229958CB900D1FE30 /* Networking.swift */ = {isa = PBXFileReference; lastKnownFileType = sourcecode.swift; path = Networking.swift; sourceTree = "<group>"; };
		CDC3E0CA299591A400D1FE30 /* FilmCellViewModel.swift */ = {isa = PBXFileReference; lastKnownFileType = sourcecode.swift; path = FilmCellViewModel.swift; sourceTree = "<group>"; };
		CDC3E0CE29959E3200D1FE30 /* FilmsCoordinator.swift */ = {isa = PBXFileReference; lastKnownFileType = sourcecode.swift; path = FilmsCoordinator.swift; sourceTree = "<group>"; };
		CDC3E0D029959E3900D1FE30 /* Coordinator.swift */ = {isa = PBXFileReference; lastKnownFileType = sourcecode.swift; path = Coordinator.swift; sourceTree = "<group>"; };
		CDC3E0D22996379300D1FE30 /* CharactersCoordinator.swift */ = {isa = PBXFileReference; lastKnownFileType = sourcecode.swift; path = CharactersCoordinator.swift; sourceTree = "<group>"; };
		CDC3E0D429963E8300D1FE30 /* FilmsViewController.xib */ = {isa = PBXFileReference; lastKnownFileType = file.xib; path = FilmsViewController.xib; sourceTree = "<group>"; };
		CDC3E0DB29967DF300D1FE30 /* CharactersViewController.swift */ = {isa = PBXFileReference; lastKnownFileType = sourcecode.swift; path = CharactersViewController.swift; sourceTree = "<group>"; };
		CDC3E0DF299682FF00D1FE30 /* MainTabBarController.swift */ = {isa = PBXFileReference; lastKnownFileType = sourcecode.swift; path = MainTabBarController.swift; sourceTree = "<group>"; };
		CDC3E0E129968C3F00D1FE30 /* CharactersViewModel.swift */ = {isa = PBXFileReference; lastKnownFileType = sourcecode.swift; path = CharactersViewModel.swift; sourceTree = "<group>"; };
		EE9A401D51368A68BE6964DD /* Pods-StarWars.debug.xcconfig */ = {isa = PBXFileReference; includeInIndex = 1; lastKnownFileType = text.xcconfig; name = "Pods-StarWars.debug.xcconfig"; path = "Target Support Files/Pods-StarWars/Pods-StarWars.debug.xcconfig"; sourceTree = "<group>"; };
/* End PBXFileReference section */

/* Begin PBXFrameworksBuildPhase section */
		CDC3E07F299506D500D1FE30 /* Frameworks */ = {
			isa = PBXFrameworksBuildPhase;
			buildActionMask = 2147483647;
			files = (
				D07CDBA300E72FF746E32F24 /* Pods_StarWars.framework in Frameworks */,
			);
			runOnlyForDeploymentPostprocessing = 0;
		};
/* End PBXFrameworksBuildPhase section */

/* Begin PBXGroup section */
		226B04E3150BAC1EC9451C4E /* Frameworks */ = {
			isa = PBXGroup;
			children = (
				794B271CD104FC720B761083 /* Pods_StarWars.framework */,
			);
			name = Frameworks;
			sourceTree = "<group>";
		};
		2D463325040864B8F1D46B43 /* Pods */ = {
			isa = PBXGroup;
			children = (
				EE9A401D51368A68BE6964DD /* Pods-StarWars.debug.xcconfig */,
				7D91F5A93519E08C74B0E08A /* Pods-StarWars.release.xcconfig */,
			);
			path = Pods;
			sourceTree = "<group>";
		};
		CDC3E079299506D500D1FE30 = {
			isa = PBXGroup;
			children = (
				CDC3E084299506D500D1FE30 /* StarWars */,
				CDC3E083299506D500D1FE30 /* Products */,
				2D463325040864B8F1D46B43 /* Pods */,
				226B04E3150BAC1EC9451C4E /* Frameworks */,
			);
			sourceTree = "<group>";
		};
		CDC3E083299506D500D1FE30 /* Products */ = {
			isa = PBXGroup;
			children = (
				CDC3E082299506D500D1FE30 /* StarWars.app */,
			);
			name = Products;
			sourceTree = "<group>";
		};
		CDC3E084299506D500D1FE30 /* StarWars */ = {
			isa = PBXGroup;
			children = (
				CDC3E0CD29959E1F00D1FE30 /* Coordinator */,
				CDC3E0AC2995180A00D1FE30 /* Network */,
				CDC3E0A6299509A100D1FE30 /* Models */,
				CDC3E09C299507C500D1FE30 /* Features */,
				CDC3E085299506D500D1FE30 /* AppDelegate.swift */,
				CDC3E091299506D700D1FE30 /* Assets.xcassets */,
				CDC3E093299506D700D1FE30 /* LaunchScreen.storyboard */,
				CDC3E096299506D700D1FE30 /* Info.plist */,
				CDC3E08E299506D500D1FE30 /* StarWars.xcdatamodeld */,
			);
			path = StarWars;
			sourceTree = "<group>";
		};
		CDC3E09C299507C500D1FE30 /* Features */ = {
			isa = PBXGroup;
			children = (
				CDC3E09D299507D500D1FE30 /* Films */,
			);
			path = Features;
			sourceTree = "<group>";
		};
		CDC3E09D299507D500D1FE30 /* Films */ = {
			isa = PBXGroup;
			children = (
				CDC3E0AD2995187D00D1FE30 /* Views */,
				CDC3E09E299507DC00D1FE30 /* Screens */,
			);
			path = Films;
			sourceTree = "<group>";
		};
		CDC3E09E299507DC00D1FE30 /* Screens */ = {
			isa = PBXGroup;
			children = (
				CDC3E0DA29967DE200D1FE30 /* CharactersView */,
				CDC3E0D429963E8300D1FE30 /* FilmsViewController.xib */,
				CDC3E089299506D500D1FE30 /* FilmsViewController.swift */,
				CDC3E0A42995098100D1FE30 /* FilmsViewModel.swift */,
			);
			path = Screens;
			sourceTree = "<group>";
		};
		CDC3E0A6299509A100D1FE30 /* Models */ = {
			isa = PBXGroup;
			children = (
				CDC3E0A7299509AC00D1FE30 /* FilmsResponse.swift */,
			);
			path = Models;
			sourceTree = "<group>";
		};
		CDC3E0AC2995180A00D1FE30 /* Network */ = {
			isa = PBXGroup;
			children = (
				CDC3E0C129958C9800D1FE30 /* Services */,
				CDC3E0B229951DDB00D1FE30 /* StarWarsService.swift */,
			);
			path = Network;
			sourceTree = "<group>";
		};
		CDC3E0AD2995187D00D1FE30 /* Views */ = {
			isa = PBXGroup;
			children = (
				CDC3E0AE299518F800D1FE30 /* FilmTableViewCell.swift */,
				CDC3E0AF299518F800D1FE30 /* FilmTableViewCell.xib */,
				CDC3E0CA299591A400D1FE30 /* FilmCellViewModel.swift */,
			);
			path = Views;
			sourceTree = "<group>";
		};
		CDC3E0C129958C9800D1FE30 /* Services */ = {
			isa = PBXGroup;
			children = (
				CDC3E0C229958CB900D1FE30 /* Networking.swift */,
			);
			path = Services;
			sourceTree = "<group>";
		};
		CDC3E0CD29959E1F00D1FE30 /* Coordinator */ = {
			isa = PBXGroup;
			children = (
				CDC3E0D029959E3900D1FE30 /* Coordinator.swift */,
				CDC3E0CE29959E3200D1FE30 /* FilmsCoordinator.swift */,
				CDC3E0D22996379300D1FE30 /* CharactersCoordinator.swift */,
				CDC3E0DF299682FF00D1FE30 /* MainTabBarController.swift */,
			);
			path = Coordinator;
			sourceTree = "<group>";
		};
		CDC3E0DA29967DE200D1FE30 /* CharactersView */ = {
			isa = PBXGroup;
			children = (
				CDC3E0DB29967DF300D1FE30 /* CharactersViewController.swift */,
				CDC3E0E129968C3F00D1FE30 /* CharactersViewModel.swift */,
			);
			path = CharactersView;
			sourceTree = "<group>";
		};
/* End PBXGroup section */

/* Begin PBXNativeTarget section */
		CDC3E081299506D500D1FE30 /* StarWars */ = {
			isa = PBXNativeTarget;
			buildConfigurationList = CDC3E099299506D700D1FE30 /* Build configuration list for PBXNativeTarget "StarWars" */;
			buildPhases = (
				84D166668B8EEE710F2DF2B5 /* [CP] Check Pods Manifest.lock */,
				CDC3E07E299506D500D1FE30 /* Sources */,
				CDC3E07F299506D500D1FE30 /* Frameworks */,
				CDC3E080299506D500D1FE30 /* Resources */,
				64F08BD3EC97BF561F7AE09A /* [CP] Embed Pods Frameworks */,
			);
			buildRules = (
			);
			dependencies = (
			);
			name = StarWars;
			productName = StarWars;
			productReference = CDC3E082299506D500D1FE30 /* StarWars.app */;
			productType = "com.apple.product-type.application";
		};
/* End PBXNativeTarget section */

/* Begin PBXProject section */
		CDC3E07A299506D500D1FE30 /* Project object */ = {
			isa = PBXProject;
			attributes = {
				BuildIndependentTargetsInParallel = 1;
				LastSwiftUpdateCheck = 1420;
				LastUpgradeCheck = 1420;
				TargetAttributes = {
					CDC3E081299506D500D1FE30 = {
						CreatedOnToolsVersion = 14.2;
					};
				};
			};
			buildConfigurationList = CDC3E07D299506D500D1FE30 /* Build configuration list for PBXProject "StarWars" */;
			compatibilityVersion = "Xcode 14.0";
			developmentRegion = en;
			hasScannedForEncodings = 0;
			knownRegions = (
				en,
				Base,
			);
			mainGroup = CDC3E079299506D500D1FE30;
			productRefGroup = CDC3E083299506D500D1FE30 /* Products */;
			projectDirPath = "";
			projectRoot = "";
			targets = (
				CDC3E081299506D500D1FE30 /* StarWars */,
			);
		};
/* End PBXProject section */

/* Begin PBXResourcesBuildPhase section */
		CDC3E080299506D500D1FE30 /* Resources */ = {
			isa = PBXResourcesBuildPhase;
			buildActionMask = 2147483647;
			files = (
				CDC3E0D529963E8300D1FE30 /* FilmsViewController.xib in Resources */,
				CDC3E095299506D700D1FE30 /* LaunchScreen.storyboard in Resources */,
				CDC3E0B1299518F800D1FE30 /* FilmTableViewCell.xib in Resources */,
				CDC3E092299506D700D1FE30 /* Assets.xcassets in Resources */,
			);
			runOnlyForDeploymentPostprocessing = 0;
		};
/* End PBXResourcesBuildPhase section */

/* Begin PBXShellScriptBuildPhase section */
		64F08BD3EC97BF561F7AE09A /* [CP] Embed Pods Frameworks */ = {
			isa = PBXShellScriptBuildPhase;
			buildActionMask = 2147483647;
			files = (
			);
			inputFileListPaths = (
				"${PODS_ROOT}/Target Support Files/Pods-StarWars/Pods-StarWars-frameworks-${CONFIGURATION}-input-files.xcfilelist",
			);
			name = "[CP] Embed Pods Frameworks";
			outputFileListPaths = (
				"${PODS_ROOT}/Target Support Files/Pods-StarWars/Pods-StarWars-frameworks-${CONFIGURATION}-output-files.xcfilelist",
			);
			runOnlyForDeploymentPostprocessing = 0;
			shellPath = /bin/sh;
			shellScript = "\"${PODS_ROOT}/Target Support Files/Pods-StarWars/Pods-StarWars-frameworks.sh\"\n";
			showEnvVarsInLog = 0;
		};
		84D166668B8EEE710F2DF2B5 /* [CP] Check Pods Manifest.lock */ = {
			isa = PBXShellScriptBuildPhase;
			buildActionMask = 2147483647;
			files = (
			);
			inputFileListPaths = (
			);
			inputPaths = (
				"${PODS_PODFILE_DIR_PATH}/Podfile.lock",
				"${PODS_ROOT}/Manifest.lock",
			);
			name = "[CP] Check Pods Manifest.lock";
			outputFileListPaths = (
			);
			outputPaths = (
				"$(DERIVED_FILE_DIR)/Pods-StarWars-checkManifestLockResult.txt",
			);
			runOnlyForDeploymentPostprocessing = 0;
			shellPath = /bin/sh;
			shellScript = "diff \"${PODS_PODFILE_DIR_PATH}/Podfile.lock\" \"${PODS_ROOT}/Manifest.lock\" > /dev/null\nif [ $? != 0 ] ; then\n    # print error to STDERR\n    echo \"error: The sandbox is not in sync with the Podfile.lock. Run 'pod install' or update your CocoaPods installation.\" >&2\n    exit 1\nfi\n# This output is used by Xcode 'outputs' to avoid re-running this script phase.\necho \"SUCCESS\" > \"${SCRIPT_OUTPUT_FILE_0}\"\n";
			showEnvVarsInLog = 0;
		};
/* End PBXShellScriptBuildPhase section */

/* Begin PBXSourcesBuildPhase section */
		CDC3E07E299506D500D1FE30 /* Sources */ = {
			isa = PBXSourcesBuildPhase;
			buildActionMask = 2147483647;
			files = (
				CDC3E0C329958CB900D1FE30 /* Networking.swift in Sources */,
				CDC3E0E0299682FF00D1FE30 /* MainTabBarController.swift in Sources */,
				CDC3E0D32996379300D1FE30 /* CharactersCoordinator.swift in Sources */,
				CDC3E0B0299518F800D1FE30 /* FilmTableViewCell.swift in Sources */,
				CDC3E0A8299509AC00D1FE30 /* FilmsResponse.swift in Sources */,
				CDC3E0D129959E3900D1FE30 /* Coordinator.swift in Sources */,
				CDC3E0CF29959E3200D1FE30 /* FilmsCoordinator.swift in Sources */,
				CDC3E0E229968C3F00D1FE30 /* CharactersViewModel.swift in Sources */,
				CDC3E090299506D500D1FE30 /* StarWars.xcdatamodeld in Sources */,
				CDC3E0DC29967DF300D1FE30 /* CharactersViewController.swift in Sources */,
				CDC3E0B329951DDB00D1FE30 /* StarWarsService.swift in Sources */,
				CDC3E0CB299591A400D1FE30 /* FilmCellViewModel.swift in Sources */,
				CDC3E08A299506D500D1FE30 /* FilmsViewController.swift in Sources */,
				CDC3E086299506D500D1FE30 /* AppDelegate.swift in Sources */,
				CDC3E0A52995098100D1FE30 /* FilmsViewModel.swift in Sources */,
			);
			runOnlyForDeploymentPostprocessing = 0;
		};
/* End PBXSourcesBuildPhase section */

/* Begin PBXVariantGroup section */
		CDC3E093299506D700D1FE30 /* LaunchScreen.storyboard */ = {
			isa = PBXVariantGroup;
			children = (
				CDC3E094299506D700D1FE30 /* Base */,
			);
			name = LaunchScreen.storyboard;
			sourceTree = "<group>";
		};
/* End PBXVariantGroup section */

/* Begin XCBuildConfiguration section */
		CDC3E097299506D700D1FE30 /* Debug */ = {
			isa = XCBuildConfiguration;
			buildSettings = {
				ALWAYS_SEARCH_USER_PATHS = NO;
				CLANG_ANALYZER_NONNULL = YES;
				CLANG_ANALYZER_NUMBER_OBJECT_CONVERSION = YES_AGGRESSIVE;
				CLANG_CXX_LANGUAGE_STANDARD = "gnu++20";
				CLANG_ENABLE_MODULES = YES;
				CLANG_ENABLE_OBJC_ARC = YES;
				CLANG_ENABLE_OBJC_WEAK = YES;
				CLANG_WARN_BLOCK_CAPTURE_AUTORELEASING = YES;
				CLANG_WARN_BOOL_CONVERSION = YES;
				CLANG_WARN_COMMA = YES;
				CLANG_WARN_CONSTANT_CONVERSION = YES;
				CLANG_WARN_DEPRECATED_OBJC_IMPLEMENTATIONS = YES;
				CLANG_WARN_DIRECT_OBJC_ISA_USAGE = YES_ERROR;
				CLANG_WARN_DOCUMENTATION_COMMENTS = YES;
				CLANG_WARN_EMPTY_BODY = YES;
				CLANG_WARN_ENUM_CONVERSION = YES;
				CLANG_WARN_INFINITE_RECURSION = YES;
				CLANG_WARN_INT_CONVERSION = YES;
				CLANG_WARN_NON_LITERAL_NULL_CONVERSION = YES;
				CLANG_WARN_OBJC_IMPLICIT_RETAIN_SELF = YES;
				CLANG_WARN_OBJC_LITERAL_CONVERSION = YES;
				CLANG_WARN_OBJC_ROOT_CLASS = YES_ERROR;
				CLANG_WARN_QUOTED_INCLUDE_IN_FRAMEWORK_HEADER = YES;
				CLANG_WARN_RANGE_LOOP_ANALYSIS = YES;
				CLANG_WARN_STRICT_PROTOTYPES = YES;
				CLANG_WARN_SUSPICIOUS_MOVE = YES;
				CLANG_WARN_UNGUARDED_AVAILABILITY = YES_AGGRESSIVE;
				CLANG_WARN_UNREACHABLE_CODE = YES;
				CLANG_WARN__DUPLICATE_METHOD_MATCH = YES;
				COPY_PHASE_STRIP = NO;
				DEBUG_INFORMATION_FORMAT = dwarf;
				ENABLE_STRICT_OBJC_MSGSEND = YES;
				ENABLE_TESTABILITY = YES;
				GCC_C_LANGUAGE_STANDARD = gnu11;
				GCC_DYNAMIC_NO_PIC = NO;
				GCC_NO_COMMON_BLOCKS = YES;
				GCC_OPTIMIZATION_LEVEL = 0;
				GCC_PREPROCESSOR_DEFINITIONS = (
					"DEBUG=1",
					"$(inherited)",
				);
				GCC_WARN_64_TO_32_BIT_CONVERSION = YES;
				GCC_WARN_ABOUT_RETURN_TYPE = YES_ERROR;
				GCC_WARN_UNDECLARED_SELECTOR = YES;
				GCC_WARN_UNINITIALIZED_AUTOS = YES_AGGRESSIVE;
				GCC_WARN_UNUSED_FUNCTION = YES;
				GCC_WARN_UNUSED_VARIABLE = YES;
				IPHONEOS_DEPLOYMENT_TARGET = 16.2;
				MTL_ENABLE_DEBUG_INFO = INCLUDE_SOURCE;
				MTL_FAST_MATH = YES;
				ONLY_ACTIVE_ARCH = YES;
				SDKROOT = iphoneos;
				SWIFT_ACTIVE_COMPILATION_CONDITIONS = DEBUG;
				SWIFT_OPTIMIZATION_LEVEL = "-Onone";
			};
			name = Debug;
		};
		CDC3E098299506D700D1FE30 /* Release */ = {
			isa = XCBuildConfiguration;
			buildSettings = {
				ALWAYS_SEARCH_USER_PATHS = NO;
				CLANG_ANALYZER_NONNULL = YES;
				CLANG_ANALYZER_NUMBER_OBJECT_CONVERSION = YES_AGGRESSIVE;
				CLANG_CXX_LANGUAGE_STANDARD = "gnu++20";
				CLANG_ENABLE_MODULES = YES;
				CLANG_ENABLE_OBJC_ARC = YES;
				CLANG_ENABLE_OBJC_WEAK = YES;
				CLANG_WARN_BLOCK_CAPTURE_AUTORELEASING = YES;
				CLANG_WARN_BOOL_CONVERSION = YES;
				CLANG_WARN_COMMA = YES;
				CLANG_WARN_CONSTANT_CONVERSION = YES;
				CLANG_WARN_DEPRECATED_OBJC_IMPLEMENTATIONS = YES;
				CLANG_WARN_DIRECT_OBJC_ISA_USAGE = YES_ERROR;
				CLANG_WARN_DOCUMENTATION_COMMENTS = YES;
				CLANG_WARN_EMPTY_BODY = YES;
				CLANG_WARN_ENUM_CONVERSION = YES;
				CLANG_WARN_INFINITE_RECURSION = YES;
				CLANG_WARN_INT_CONVERSION = YES;
				CLANG_WARN_NON_LITERAL_NULL_CONVERSION = YES;
				CLANG_WARN_OBJC_IMPLICIT_RETAIN_SELF = YES;
				CLANG_WARN_OBJC_LITERAL_CONVERSION = YES;
				CLANG_WARN_OBJC_ROOT_CLASS = YES_ERROR;
				CLANG_WARN_QUOTED_INCLUDE_IN_FRAMEWORK_HEADER = YES;
				CLANG_WARN_RANGE_LOOP_ANALYSIS = YES;
				CLANG_WARN_STRICT_PROTOTYPES = YES;
				CLANG_WARN_SUSPICIOUS_MOVE = YES;
				CLANG_WARN_UNGUARDED_AVAILABILITY = YES_AGGRESSIVE;
				CLANG_WARN_UNREACHABLE_CODE = YES;
				CLANG_WARN__DUPLICATE_METHOD_MATCH = YES;
				COPY_PHASE_STRIP = NO;
				DEBUG_INFORMATION_FORMAT = "dwarf-with-dsym";
				ENABLE_NS_ASSERTIONS = NO;
				ENABLE_STRICT_OBJC_MSGSEND = YES;
				GCC_C_LANGUAGE_STANDARD = gnu11;
				GCC_NO_COMMON_BLOCKS = YES;
				GCC_WARN_64_TO_32_BIT_CONVERSION = YES;
				GCC_WARN_ABOUT_RETURN_TYPE = YES_ERROR;
				GCC_WARN_UNDECLARED_SELECTOR = YES;
				GCC_WARN_UNINITIALIZED_AUTOS = YES_AGGRESSIVE;
				GCC_WARN_UNUSED_FUNCTION = YES;
				GCC_WARN_UNUSED_VARIABLE = YES;
				IPHONEOS_DEPLOYMENT_TARGET = 16.2;
				MTL_ENABLE_DEBUG_INFO = NO;
				MTL_FAST_MATH = YES;
				SDKROOT = iphoneos;
				SWIFT_COMPILATION_MODE = wholemodule;
				SWIFT_OPTIMIZATION_LEVEL = "-O";
				VALIDATE_PRODUCT = YES;
			};
			name = Release;
		};
		CDC3E09A299506D700D1FE30 /* Debug */ = {
			isa = XCBuildConfiguration;
			baseConfigurationReference = EE9A401D51368A68BE6964DD /* Pods-StarWars.debug.xcconfig */;
			buildSettings = {
				ASSETCATALOG_COMPILER_APPICON_NAME = AppIcon;
				ASSETCATALOG_COMPILER_GLOBAL_ACCENT_COLOR_NAME = AccentColor;
				CODE_SIGN_STYLE = Automatic;
				CURRENT_PROJECT_VERSION = 1;
				DEVELOPMENT_TEAM = 47JH7NR5DK;
				GENERATE_INFOPLIST_FILE = YES;
				INFOPLIST_FILE = StarWars/Info.plist;
				INFOPLIST_KEY_UIApplicationSupportsIndirectInputEvents = YES;
				INFOPLIST_KEY_UILaunchStoryboardName = LaunchScreen;
				INFOPLIST_KEY_UISupportedInterfaceOrientations_iPad = "UIInterfaceOrientationPortrait UIInterfaceOrientationPortraitUpsideDown UIInterfaceOrientationLandscapeLeft UIInterfaceOrientationLandscapeRight";
				INFOPLIST_KEY_UISupportedInterfaceOrientations_iPhone = "UIInterfaceOrientationPortrait UIInterfaceOrientationLandscapeLeft UIInterfaceOrientationLandscapeRight";
				LD_RUNPATH_SEARCH_PATHS = (
					"$(inherited)",
					"@executable_path/Frameworks",
				);
				MARKETING_VERSION = 1.0;
				PRODUCT_BUNDLE_IDENTIFIER = silva.StarWars;
				PRODUCT_NAME = "$(TARGET_NAME)";
				SWIFT_EMIT_LOC_STRINGS = YES;
				SWIFT_VERSION = 5.0;
				TARGETED_DEVICE_FAMILY = "1,2";
			};
			name = Debug;
		};
		CDC3E09B299506D700D1FE30 /* Release */ = {
			isa = XCBuildConfiguration;
			baseConfigurationReference = 7D91F5A93519E08C74B0E08A /* Pods-StarWars.release.xcconfig */;
			buildSettings = {
				ASSETCATALOG_COMPILER_APPICON_NAME = AppIcon;
				ASSETCATALOG_COMPILER_GLOBAL_ACCENT_COLOR_NAME = AccentColor;
				CODE_SIGN_STYLE = Automatic;
				CURRENT_PROJECT_VERSION = 1;
				DEVELOPMENT_TEAM = 47JH7NR5DK;
				GENERATE_INFOPLIST_FILE = YES;
				INFOPLIST_FILE = StarWars/Info.plist;
				INFOPLIST_KEY_UIApplicationSupportsIndirectInputEvents = YES;
				INFOPLIST_KEY_UILaunchStoryboardName = LaunchScreen;
				INFOPLIST_KEY_UISupportedInterfaceOrientations_iPad = "UIInterfaceOrientationPortrait UIInterfaceOrientationPortraitUpsideDown UIInterfaceOrientationLandscapeLeft UIInterfaceOrientationLandscapeRight";
				INFOPLIST_KEY_UISupportedInterfaceOrientations_iPhone = "UIInterfaceOrientationPortrait UIInterfaceOrientationLandscapeLeft UIInterfaceOrientationLandscapeRight";
				LD_RUNPATH_SEARCH_PATHS = (
					"$(inherited)",
					"@executable_path/Frameworks",
				);
				MARKETING_VERSION = 1.0;
				PRODUCT_BUNDLE_IDENTIFIER = silva.StarWars;
				PRODUCT_NAME = "$(TARGET_NAME)";
				SWIFT_EMIT_LOC_STRINGS = YES;
				SWIFT_VERSION = 5.0;
				TARGETED_DEVICE_FAMILY = "1,2";
			};
			name = Release;
		};
/* End XCBuildConfiguration section */

/* Begin XCConfigurationList section */
		CDC3E07D299506D500D1FE30 /* Build configuration list for PBXProject "StarWars" */ = {
			isa = XCConfigurationList;
			buildConfigurations = (
				CDC3E097299506D700D1FE30 /* Debug */,
				CDC3E098299506D700D1FE30 /* Release */,
			);
			defaultConfigurationIsVisible = 0;
			defaultConfigurationName = Release;
		};
		CDC3E099299506D700D1FE30 /* Build configuration list for PBXNativeTarget "StarWars" */ = {
			isa = XCConfigurationList;
			buildConfigurations = (
				CDC3E09A299506D700D1FE30 /* Debug */,
				CDC3E09B299506D700D1FE30 /* Release */,
			);
			defaultConfigurationIsVisible = 0;
			defaultConfigurationName = Release;
		};
/* End XCConfigurationList section */

/* Begin XCVersionGroup section */
		CDC3E08E299506D500D1FE30 /* StarWars.xcdatamodeld */ = {
			isa = XCVersionGroup;
			children = (
				CDC3E08F299506D500D1FE30 /* StarWars.xcdatamodel */,
			);
			currentVersion = CDC3E08F299506D500D1FE30 /* StarWars.xcdatamodel */;
			path = StarWars.xcdatamodeld;
			sourceTree = "<group>";
			versionGroupType = wrapper.xcdatamodel;
		};
/* End XCVersionGroup section */
	};
	rootObject = CDC3E07A299506D500D1FE30 /* Project object */;
}
